
Microsoft Visual Studio Solution File, Format Version 12.00
# Visual Studio Version 17
VisualStudioVersion = 17.5.002.0
MinimumVisualStudioVersion = 10.0.40219.1
Project("{2150E333-8FDC-42A3-9474-1A3956D46DE8}") = "src", "src", "{E09D384D-E433-431A-BB79-0EF4E8DA8DCD}"
EndProject
Project("{9A19103F-16F7-4668-BE54-9A1E7A4F7556}") = "Sandbox.Web", "src\Web\Sandbox.Web.csproj", "{99A1FA0C-3777-44C7-890A-448A05F6FDD0}"
EndProject
Global
	GlobalSection(SolutionConfigurationPlatforms) = preSolution
		Debug|Any CPU = Debug|Any CPU
		Release|Any CPU = Release|Any CPU
	EndGlobalSection
	GlobalSection(ProjectConfigurationPlatforms) = postSolution
		{99A1FA0C-3777-44C7-890A-448A05F6FDD0}.Debug|Any CPU.ActiveCfg = Debug|Any CPU
		{99A1FA0C-3777-44C7-890A-448A05F6FDD0}.Debug|Any CPU.Build.0 = Debug|Any CPU
		{99A1FA0C-3777-44C7-890A-448A05F6FDD0}.Release|Any CPU.ActiveCfg = Release|Any CPU
		{99A1FA0C-3777-44C7-890A-448A05F6FDD0}.Release|Any CPU.Build.0 = Release|Any CPU
	EndGlobalSection
	GlobalSection(SolutionProperties) = preSolution
		HideSolutionNode = FALSE
	EndGlobalSection
	GlobalSection(NestedProjects) = preSolution
		{99A1FA0C-3777-44C7-890A-448A05F6FDD0} = {E09D384D-E433-431A-BB79-0EF4E8DA8DCD}
	EndGlobalSection
	GlobalSection(ExtensibilityGlobals) = postSolution
		SolutionGuid = {53E126F1-C404-48AD-B30D-F1381581F5B3}
	EndGlobalSection
EndGlobal
